// !$*UTF8*$!
{
	archiveVersion = 1;
	classes = {
	};
	objectVersion = 48;
	objects = {

/* Begin PBXBuildFile section */
		BBF5BDD11FFAE94D0000644B /* mainTableTableViewController.swift in Sources */ = {isa = PBXBuildFile; fileRef = BBF5BDD01FFAE94D0000644B /* mainTableTableViewController.swift */; };
		C926C04D2006BC2D00113F05 /* MenuViewController.swift in Sources */ = {isa = PBXBuildFile; fileRef = C926C04C2006BC2D00113F05 /* MenuViewController.swift */; };
		C926C04F2006BDE600113F05 /* MenuCollectionViewCell.swift in Sources */ = {isa = PBXBuildFile; fileRef = C926C04E2006BDE600113F05 /* MenuCollectionViewCell.swift */; };
		C926C05120070A1300113F05 /* menu_items.swift in Sources */ = {isa = PBXBuildFile; fileRef = C926C05020070A1300113F05 /* menu_items.swift */; };
		C9B9353E2006B05D003F2CD9 /* CollectionViewController.swift in Sources */ = {isa = PBXBuildFile; fileRef = C9B9353D2006B05D003F2CD9 /* CollectionViewController.swift */; };
		C9CC72AF1FF81834000D1833 /* AppDelegate.swift in Sources */ = {isa = PBXBuildFile; fileRef = C9CC72AE1FF81834000D1833 /* AppDelegate.swift */; };
		C9CC72B11FF81834000D1833 /* ViewController.swift in Sources */ = {isa = PBXBuildFile; fileRef = C9CC72B01FF81834000D1833 /* ViewController.swift */; };
		C9CC72B41FF81834000D1833 /* Main.storyboard in Resources */ = {isa = PBXBuildFile; fileRef = C9CC72B21FF81834000D1833 /* Main.storyboard */; };
		C9CC72B61FF81834000D1833 /* Assets.xcassets in Resources */ = {isa = PBXBuildFile; fileRef = C9CC72B51FF81834000D1833 /* Assets.xcassets */; };
		C9CC72B91FF81834000D1833 /* LaunchScreen.storyboard in Resources */ = {isa = PBXBuildFile; fileRef = C9CC72B71FF81834000D1833 /* LaunchScreen.storyboard */; };
		C9CC72C41FF81835000D1833 /* WORLDSTARTests.swift in Sources */ = {isa = PBXBuildFile; fileRef = C9CC72C31FF81835000D1833 /* WORLDSTARTests.swift */; };
/* End PBXBuildFile section */

/* Begin PBXContainerItemProxy section */
		C9CC72C01FF81835000D1833 /* PBXContainerItemProxy */ = {
			isa = PBXContainerItemProxy;
			containerPortal = C9CC72A31FF81834000D1833 /* Project object */;
			proxyType = 1;
			remoteGlobalIDString = C9CC72AA1FF81834000D1833;
			remoteInfo = WORLDSTAR;
		};
/* End PBXContainerItemProxy section */

/* Begin PBXFileReference section */
		BBF5BDD01FFAE94D0000644B /* mainTableTableViewController.swift */ = {isa = PBXFileReference; lastKnownFileType = sourcecode.swift; path = mainTableTableViewController.swift; sourceTree = "<group>"; };
		C926C04C2006BC2D00113F05 /* MenuViewController.swift */ = {isa = PBXFileReference; lastKnownFileType = sourcecode.swift; name = MenuViewController.swift; path = WORLDSTAR/MenuViewController.swift; sourceTree = "<group>"; };
		C926C04E2006BDE600113F05 /* MenuCollectionViewCell.swift */ = {isa = PBXFileReference; lastKnownFileType = sourcecode.swift; name = MenuCollectionViewCell.swift; path = WORLDSTAR/MenuCollectionViewCell.swift; sourceTree = "<group>"; };
		C926C05020070A1300113F05 /* menu_items.swift */ = {isa = PBXFileReference; lastKnownFileType = sourcecode.swift; name = menu_items.swift; path = WORLDSTAR/menu_items.swift; sourceTree = "<group>"; };
		C9B9353D2006B05D003F2CD9 /* CollectionViewController.swift */ = {isa = PBXFileReference; lastKnownFileType = sourcecode.swift; name = CollectionViewController.swift; path = WORLDSTAR/CollectionViewController.swift; sourceTree = "<group>"; };
		C9CC72AB1FF81834000D1833 /* WORLDSTAR.app */ = {isa = PBXFileReference; explicitFileType = wrapper.application; includeInIndex = 0; path = WORLDSTAR.app; sourceTree = BUILT_PRODUCTS_DIR; };
		C9CC72AE1FF81834000D1833 /* AppDelegate.swift */ = {isa = PBXFileReference; lastKnownFileType = sourcecode.swift; path = AppDelegate.swift; sourceTree = "<group>"; };
		C9CC72B01FF81834000D1833 /* ViewController.swift */ = {isa = PBXFileReference; lastKnownFileType = sourcecode.swift; path = ViewController.swift; sourceTree = "<group>"; };
		C9CC72B31FF81834000D1833 /* Base */ = {isa = PBXFileReference; lastKnownFileType = file.storyboard; name = Base; path = Base.lproj/Main.storyboard; sourceTree = "<group>"; };
		C9CC72B51FF81834000D1833 /* Assets.xcassets */ = {isa = PBXFileReference; lastKnownFileType = folder.assetcatalog; path = Assets.xcassets; sourceTree = "<group>"; };
		C9CC72B81FF81834000D1833 /* Base */ = {isa = PBXFileReference; lastKnownFileType = file.storyboard; name = Base; path = Base.lproj/LaunchScreen.storyboard; sourceTree = "<group>"; };
		C9CC72BA1FF81834000D1833 /* Info.plist */ = {isa = PBXFileReference; lastKnownFileType = text.plist.xml; path = Info.plist; sourceTree = "<group>"; };
		C9CC72BF1FF81835000D1833 /* WORLDSTARTests.xctest */ = {isa = PBXFileReference; explicitFileType = wrapper.cfbundle; includeInIndex = 0; path = WORLDSTARTests.xctest; sourceTree = BUILT_PRODUCTS_DIR; };
		C9CC72C31FF81835000D1833 /* WORLDSTARTests.swift */ = {isa = PBXFileReference; lastKnownFileType = sourcecode.swift; path = WORLDSTARTests.swift; sourceTree = "<group>"; };
		C9CC72C51FF81835000D1833 /* Info.plist */ = {isa = PBXFileReference; lastKnownFileType = text.plist.xml; path = Info.plist; sourceTree = "<group>"; };
/* End PBXFileReference section */

/* Begin PBXFrameworksBuildPhase section */
		C9CC72A81FF81834000D1833 /* Frameworks */ = {
			isa = PBXFrameworksBuildPhase;
			buildActionMask = 2147483647;
			files = (
			);
			runOnlyForDeploymentPostprocessing = 0;
		};
		C9CC72BC1FF81835000D1833 /* Frameworks */ = {
			isa = PBXFrameworksBuildPhase;
			buildActionMask = 2147483647;
			files = (
			);
			runOnlyForDeploymentPostprocessing = 0;
		};
/* End PBXFrameworksBuildPhase section */

/* Begin PBXGroup section */
		C9CC72A21FF81834000D1833 = {
			isa = PBXGroup;
			children = (
				C9B9353D2006B05D003F2CD9 /* CollectionViewController.swift */,
				C926C04C2006BC2D00113F05 /* MenuViewController.swift */,
				C926C04E2006BDE600113F05 /* MenuCollectionViewCell.swift */,
				C926C05020070A1300113F05 /* menu_items.swift */,
				C9CC72AD1FF81834000D1833 /* WORLDSTAR */,
				C9CC72C21FF81835000D1833 /* WORLDSTARTests */,
				C9CC72AC1FF81834000D1833 /* Products */,
			);
			sourceTree = "<group>";
		};
		C9CC72AC1FF81834000D1833 /* Products */ = {
			isa = PBXGroup;
			children = (
				C9CC72AB1FF81834000D1833 /* WORLDSTAR.app */,
				C9CC72BF1FF81835000D1833 /* WORLDSTARTests.xctest */,
			);
			name = Products;
			sourceTree = "<group>";
		};
		C9CC72AD1FF81834000D1833 /* WORLDSTAR */ = {
			isa = PBXGroup;
			children = (
				C9CC72AE1FF81834000D1833 /* AppDelegate.swift */,
				C9CC72B01FF81834000D1833 /* ViewController.swift */,
				C9CC72B21FF81834000D1833 /* Main.storyboard */,
				C9CC72B51FF81834000D1833 /* Assets.xcassets */,
				C9CC72B71FF81834000D1833 /* LaunchScreen.storyboard */,
				C9CC72BA1FF81834000D1833 /* Info.plist */,
				BBF5BDD01FFAE94D0000644B /* mainTableTableViewController.swift */,
			);
			path = WORLDSTAR;
			sourceTree = "<group>";
		};
		C9CC72C21FF81835000D1833 /* WORLDSTARTests */ = {
			isa = PBXGroup;
			children = (
				C9CC72C31FF81835000D1833 /* WORLDSTARTests.swift */,
				C9CC72C51FF81835000D1833 /* Info.plist */,
			);
			path = WORLDSTARTests;
			sourceTree = "<group>";
		};
/* End PBXGroup section */

/* Begin PBXNativeTarget section */
		C9CC72AA1FF81834000D1833 /* WORLDSTAR */ = {
			isa = PBXNativeTarget;
			buildConfigurationList = C9CC72C81FF81835000D1833 /* Build configuration list for PBXNativeTarget "WORLDSTAR" */;
			buildPhases = (
				C9CC72A71FF81834000D1833 /* Sources */,
				C9CC72A81FF81834000D1833 /* Frameworks */,
				C9CC72A91FF81834000D1833 /* Resources */,
			);
			buildRules = (
			);
			dependencies = (
			);
			name = WORLDSTAR;
			productName = WORLDSTAR;
			productReference = C9CC72AB1FF81834000D1833 /* WORLDSTAR.app */;
			productType = "com.apple.product-type.application";
		};
		C9CC72BE1FF81835000D1833 /* WORLDSTARTests */ = {
			isa = PBXNativeTarget;
			buildConfigurationList = C9CC72CB1FF81835000D1833 /* Build configuration list for PBXNativeTarget "WORLDSTARTests" */;
			buildPhases = (
				C9CC72BB1FF81835000D1833 /* Sources */,
				C9CC72BC1FF81835000D1833 /* Frameworks */,
				C9CC72BD1FF81835000D1833 /* Resources */,
			);
			buildRules = (
			);
			dependencies = (
				C9CC72C11FF81835000D1833 /* PBXTargetDependency */,
			);
			name = WORLDSTARTests;
			productName = WORLDSTARTests;
			productReference = C9CC72BF1FF81835000D1833 /* WORLDSTARTests.xctest */;
			productType = "com.apple.product-type.bundle.unit-test";
		};
/* End PBXNativeTarget section */

/* Begin PBXProject section */
		C9CC72A31FF81834000D1833 /* Project object */ = {
			isa = PBXProject;
			attributes = {
				LastSwiftUpdateCheck = 0920;
				LastUpgradeCheck = 0920;
				ORGANIZATIONNAME = peachy;
				TargetAttributes = {
					C9CC72AA1FF81834000D1833 = {
						CreatedOnToolsVersion = 9.2;
						ProvisioningStyle = Automatic;
					};
					C9CC72BE1FF81835000D1833 = {
						CreatedOnToolsVersion = 9.2;
						ProvisioningStyle = Automatic;
						TestTargetID = C9CC72AA1FF81834000D1833;
					};
				};
			};
			buildConfigurationList = C9CC72A61FF81834000D1833 /* Build configuration list for PBXProject "WORLDSTAR" */;
			compatibilityVersion = "Xcode 8.0";
			developmentRegion = en;
			hasScannedForEncodings = 0;
			knownRegions = (
				en,
				Base,
			);
			mainGroup = C9CC72A21FF81834000D1833;
			productRefGroup = C9CC72AC1FF81834000D1833 /* Products */;
			projectDirPath = "";
			projectRoot = "";
			targets = (
				C9CC72AA1FF81834000D1833 /* WORLDSTAR */,
				C9CC72BE1FF81835000D1833 /* WORLDSTARTests */,
			);
		};
/* End PBXProject section */

/* Begin PBXResourcesBuildPhase section */
		C9CC72A91FF81834000D1833 /* Resources */ = {
			isa = PBXResourcesBuildPhase;
			buildActionMask = 2147483647;
			files = (
				C9CC72B91FF81834000D1833 /* LaunchScreen.storyboard in Resources */,
				C9CC72B61FF81834000D1833 /* Assets.xcassets in Resources */,
				C9CC72B41FF81834000D1833 /* Main.storyboard in Resources */,
			);
			runOnlyForDeploymentPostprocessing = 0;
		};
		C9CC72BD1FF81835000D1833 /* Resources */ = {
			isa = PBXResourcesBuildPhase;
			buildActionMask = 2147483647;
			files = (
			);
			runOnlyForDeploymentPostprocessing = 0;
		};
/* End PBXResourcesBuildPhase section */

/* Begin PBXSourcesBuildPhase section */
		C9CC72A71FF81834000D1833 /* Sources */ = {
			isa = PBXSourcesBuildPhase;
			buildActionMask = 2147483647;
			files = (
				C926C05120070A1300113F05 /* menu_items.swift in Sources */,
				C9B9353E2006B05D003F2CD9 /* CollectionViewController.swift in Sources */,
				C926C04D2006BC2D00113F05 /* MenuViewController.swift in Sources */,
				C9CC72B11FF81834000D1833 /* ViewController.swift in Sources */,
				C9CC72AF1FF81834000D1833 /* AppDelegate.swift in Sources */,
				BBF5BDD11FFAE94D0000644B /* mainTableTableViewController.swift in Sources */,
				C926C04F2006BDE600113F05 /* MenuCollectionViewCell.swift in Sources */,
			);
			runOnlyForDeploymentPostprocessing = 0;
		};
		C9CC72BB1FF81835000D1833 /* Sources */ = {
			isa = PBXSourcesBuildPhase;
			buildActionMask = 2147483647;
			files = (
				C9CC72C41FF81835000D1833 /* WORLDSTARTests.swift in Sources */,
			);
			runOnlyForDeploymentPostprocessing = 0;
		};
/* End PBXSourcesBuildPhase section */

/* Begin PBXTargetDependency section */
		C9CC72C11FF81835000D1833 /* PBXTargetDependency */ = {
			isa = PBXTargetDependency;
			target = C9CC72AA1FF81834000D1833 /* WORLDSTAR */;
			targetProxy = C9CC72C01FF81835000D1833 /* PBXContainerItemProxy */;
		};
/* End PBXTargetDependency section */

/* Begin PBXVariantGroup section */
		C9CC72B21FF81834000D1833 /* Main.storyboard */ = {
			isa = PBXVariantGroup;
			children = (
				C9CC72B31FF81834000D1833 /* Base */,
			);
			name = Main.storyboard;
			sourceTree = "<group>";
		};
		C9CC72B71FF81834000D1833 /* LaunchScreen.storyboard */ = {
			isa = PBXVariantGroup;
			children = (
				C9CC72B81FF81834000D1833 /* Base */,
			);
			name = LaunchScreen.storyboard;
			sourceTree = "<group>";
		};
/* End PBXVariantGroup section */

/* Begin XCBuildConfiguration section */
		C9CC72C61FF81835000D1833 /* Debug */ = {
			isa = XCBuildConfiguration;
			buildSettings = {
				ALWAYS_SEARCH_USER_PATHS = NO;
				CLANG_ANALYZER_NONNULL = YES;
				CLANG_ANALYZER_NUMBER_OBJECT_CONVERSION = YES_AGGRESSIVE;
				CLANG_CXX_LANGUAGE_STANDARD = "gnu++14";
				CLANG_CXX_LIBRARY = "libc++";
				CLANG_ENABLE_MODULES = YES;
				CLANG_ENABLE_OBJC_ARC = YES;
				CLANG_WARN_BLOCK_CAPTURE_AUTORELEASING = YES;
				CLANG_WARN_BOOL_CONVERSION = YES;
				CLANG_WARN_COMMA = YES;
				CLANG_WARN_CONSTANT_CONVERSION = YES;
				CLANG_WARN_DIRECT_OBJC_ISA_USAGE = YES_ERROR;
				CLANG_WARN_DOCUMENTATION_COMMENTS = YES;
				CLANG_WARN_EMPTY_BODY = YES;
				CLANG_WARN_ENUM_CONVERSION = YES;
				CLANG_WARN_INFINITE_RECURSION = YES;
				CLANG_WARN_INT_CONVERSION = YES;
				CLANG_WARN_NON_LITERAL_NULL_CONVERSION = YES;
				CLANG_WARN_OBJC_LITERAL_CONVERSION = YES;
				CLANG_WARN_OBJC_ROOT_CLASS = YES_ERROR;
				CLANG_WARN_RANGE_LOOP_ANALYSIS = YES;
				CLANG_WARN_STRICT_PROTOTYPES = YES;
				CLANG_WARN_SUSPICIOUS_MOVE = YES;
				CLANG_WARN_UNGUARDED_AVAILABILITY = YES_AGGRESSIVE;
				CLANG_WARN_UNREACHABLE_CODE = YES;
				CLANG_WARN__DUPLICATE_METHOD_MATCH = YES;
				CODE_SIGN_IDENTITY = "iPhone Developer";
				COPY_PHASE_STRIP = NO;
				DEBUG_INFORMATION_FORMAT = dwarf;
				ENABLE_STRICT_OBJC_MSGSEND = YES;
				ENABLE_TESTABILITY = YES;
				GCC_C_LANGUAGE_STANDARD = gnu11;
				GCC_DYNAMIC_NO_PIC = NO;
				GCC_NO_COMMON_BLOCKS = YES;
				GCC_OPTIMIZATION_LEVEL = 0;
				GCC_PREPROCESSOR_DEFINITIONS = (
					"DEBUG=1",
					"$(inherited)",
				);
				GCC_WARN_64_TO_32_BIT_CONVERSION = YES;
				GCC_WARN_ABOUT_RETURN_TYPE = YES_ERROR;
				GCC_WARN_UNDECLARED_SELECTOR = YES;
				GCC_WARN_UNINITIALIZED_AUTOS = YES_AGGRESSIVE;
				GCC_WARN_UNUSED_FUNCTION = YES;
				GCC_WARN_UNUSED_VARIABLE = YES;
				IPHONEOS_DEPLOYMENT_TARGET = 11.2;
				MTL_ENABLE_DEBUG_INFO = YES;
				ONLY_ACTIVE_ARCH = YES;
				SDKROOT = iphoneos;
				SWIFT_ACTIVE_COMPILATION_CONDITIONS = DEBUG;
				SWIFT_OPTIMIZATION_LEVEL = "-Onone";
			};
			name = Debug;
		};
		C9CC72C71FF81835000D1833 /* Release */ = {
			isa = XCBuildConfiguration;
			buildSettings = {
				ALWAYS_SEARCH_USER_PATHS = NO;
				CLANG_ANALYZER_NONNULL = YES;
				CLANG_ANALYZER_NUMBER_OBJECT_CONVERSION = YES_AGGRESSIVE;
				CLANG_CXX_LANGUAGE_STANDARD = "gnu++14";
				CLANG_CXX_LIBRARY = "libc++";
				CLANG_ENABLE_MODULES = YES;
				CLANG_ENABLE_OBJC_ARC = YES;
				CLANG_WARN_BLOCK_CAPTURE_AUTORELEASING = YES;
				CLANG_WARN_BOOL_CONVERSION = YES;
				CLANG_WARN_COMMA = YES;
				CLANG_WARN_CONSTANT_CONVERSION = YES;
				CLANG_WARN_DIRECT_OBJC_ISA_USAGE = YES_ERROR;
				CLANG_WARN_DOCUMENTATION_COMMENTS = YES;
				CLANG_WARN_EMPTY_BODY = YES;
				CLANG_WARN_ENUM_CONVERSION = YES;
				CLANG_WARN_INFINITE_RECURSION = YES;
				CLANG_WARN_INT_CONVERSION = YES;
				CLANG_WARN_NON_LITERAL_NULL_CONVERSION = YES;
				CLANG_WARN_OBJC_LITERAL_CONVERSION = YES;
				CLANG_WARN_OBJC_ROOT_CLASS = YES_ERROR;
				CLANG_WARN_RANGE_LOOP_ANALYSIS = YES;
				CLANG_WARN_STRICT_PROTOTYPES = YES;
				CLANG_WARN_SUSPICIOUS_MOVE = YES;
				CLANG_WARN_UNGUARDED_AVAILABILITY = YES_AGGRESSIVE;
				CLANG_WARN_UNREACHABLE_CODE = YES;
				CLANG_WARN__DUPLICATE_METHOD_MATCH = YES;
				CODE_SIGN_IDENTITY = "iPhone Developer";
				COPY_PHASE_STRIP = NO;
				DEBUG_INFORMATION_FORMAT = "dwarf-with-dsym";
				ENABLE_NS_ASSERTIONS = NO;
				ENABLE_STRICT_OBJC_MSGSEND = YES;
				GCC_C_LANGUAGE_STANDARD = gnu11;
				GCC_NO_COMMON_BLOCKS = YES;
				GCC_WARN_64_TO_32_BIT_CONVERSION = YES;
				GCC_WARN_ABOUT_RETURN_TYPE = YES_ERROR;
				GCC_WARN_UNDECLARED_SELECTOR = YES;
				GCC_WARN_UNINITIALIZED_AUTOS = YES_AGGRESSIVE;
				GCC_WARN_UNUSED_FUNCTION = YES;
				GCC_WARN_UNUSED_VARIABLE = YES;
				IPHONEOS_DEPLOYMENT_TARGET = 11.2;
				MTL_ENABLE_DEBUG_INFO = NO;
				SDKROOT = iphoneos;
				SWIFT_OPTIMIZATION_LEVEL = "-Owholemodule";
				VALIDATE_PRODUCT = YES;
			};
			name = Release;
		};
		C9CC72C91FF81835000D1833 /* Debug */ = {
			isa = XCBuildConfiguration;
			buildSettings = {
				ASSETCATALOG_COMPILER_APPICON_NAME = AppIcon;
				CODE_SIGN_STYLE = Automatic;
				DEVELOPMENT_TEAM = CLY4JX2YM7;
				INFOPLIST_FILE = WORLDSTAR/Info.plist;
				IPHONEOS_DEPLOYMENT_TARGET = 10.0;
				LD_RUNPATH_SEARCH_PATHS = "$(inherited) @executable_path/Frameworks";
				PRODUCT_BUNDLE_IDENTIFIER = chu.WORLDSTAR;
				PRODUCT_NAME = "$(TARGET_NAME)";
				SWIFT_VERSION = 4.0;
				TARGETED_DEVICE_FAMILY = "1,2";
			};
			name = Debug;
		};
		C9CC72CA1FF81835000D1833 /* Release */ = {
			isa = XCBuildConfiguration;
			buildSettings = {
				ASSETCATALOG_COMPILER_APPICON_NAME = AppIcon;
				CODE_SIGN_STYLE = Automatic;
				DEVELOPMENT_TEAM = CLY4JX2YM7;
				INFOPLIST_FILE = WORLDSTAR/Info.plist;
				IPHONEOS_DEPLOYMENT_TARGET = 10.0;
				LD_RUNPATH_SEARCH_PATHS = "$(inherited) @executable_path/Frameworks";
				PRODUCT_BUNDLE_IDENTIFIER = chu.WORLDSTAR;
				PRODUCT_NAME = "$(TARGET_NAME)";
				SWIFT_VERSION = 4.0;
				TARGETED_DEVICE_FAMILY = "1,2";
			};
			name = Release;
		};
		C9CC72CC1FF81835000D1833 /* Debug */ = {
			isa = XCBuildConfiguration;
			buildSettings = {
				ALWAYS_EMBED_SWIFT_STANDARD_LIBRARIES = YES;
				BUNDLE_LOADER = "$(TEST_HOST)";
				CODE_SIGN_STYLE = Automatic;
				DEVELOPMENT_TEAM = CLY4JX2YM7;
				INFOPLIST_FILE = WORLDSTARTests/Info.plist;
				LD_RUNPATH_SEARCH_PATHS = "$(inherited) @executable_path/Frameworks @loader_path/Frameworks";
				PRODUCT_BUNDLE_IDENTIFIER = chu.WORLDSTARTests;
				PRODUCT_NAME = "$(TARGET_NAME)";
				SWIFT_VERSION = 4.0;
				TARGETED_DEVICE_FAMILY = "1,2";
				TEST_HOST = "$(BUILT_PRODUCTS_DIR)/WORLDSTAR.app/WORLDSTAR";
			};
			name = Debug;
		};
		C9CC72CD1FF81835000D1833 /* Release */ = {
			isa = XCBuildConfiguration;
			buildSettings = {
				ALWAYS_EMBED_SWIFT_STANDARD_LIBRARIES = YES;
				BUNDLE_LOADER = "$(TEST_HOST)";
				CODE_SIGN_STYLE = Automatic;
				DEVELOPMENT_TEAM = CLY4JX2YM7;
				INFOPLIST_FILE = WORLDSTARTests/Info.plist;
				LD_RUNPATH_SEARCH_PATHS = "$(inherited) @executable_path/Frameworks @loader_path/Frameworks";
				PRODUCT_BUNDLE_IDENTIFIER = chu.WORLDSTARTests;
				PRODUCT_NAME = "$(TARGET_NAME)";
				SWIFT_VERSION = 4.0;
				TARGETED_DEVICE_FAMILY = "1,2";
				TEST_HOST = "$(BUILT_PRODUCTS_DIR)/WORLDSTAR.app/WORLDSTAR";
			};
			name = Release;
		};
/* End XCBuildConfiguration section */

/* Begin XCConfigurationList section */
		C9CC72A61FF81834000D1833 /* Build configuration list for PBXProject "WORLDSTAR" */ = {
			isa = XCConfigurationList;
			buildConfigurations = (
				C9CC72C61FF81835000D1833 /* Debug */,
				C9CC72C71FF81835000D1833 /* Release */,
			);
			defaultConfigurationIsVisible = 0;
			defaultConfigurationName = Release;
		};
		C9CC72C81FF81835000D1833 /* Build configuration list for PBXNativeTarget "WORLDSTAR" */ = {
			isa = XCConfigurationList;
			buildConfigurations = (
				C9CC72C91FF81835000D1833 /* Debug */,
				C9CC72CA1FF81835000D1833 /* Release */,
			);
			defaultConfigurationIsVisible = 0;
			defaultConfigurationName = Release;
		};
		C9CC72CB1FF81835000D1833 /* Build configuration list for PBXNativeTarget "WORLDSTARTests" */ = {
			isa = XCConfigurationList;
			buildConfigurations = (
				C9CC72CC1FF81835000D1833 /* Debug */,
				C9CC72CD1FF81835000D1833 /* Release */,
			);
			defaultConfigurationIsVisible = 0;
			defaultConfigurationName = Release;
		};
/* End XCConfigurationList section */
	};
	rootObject = C9CC72A31FF81834000D1833 /* Project object */;
}
